dependencies:
- name: cloudnative-pg
  repository: https://cloudnative-pg.github.io/charts
  version: 0.29.0
- name: plugin-barman-cloud
  repository: https://cloudnative-pg.github.io/charts
  version: 0.8.0
- name: cert-manager
  repository: https://charts.jetstack.io
  version: v1.21.1
- name: nats
  repository: https://nats-io.github.io/k8s/helm/charts/
  version: 2.14.6
- name: keda
  repository: https://kedacore.github.io/charts
  version: 2.20.2
digest: sha256:cb6406bd8a240e5f0a18fca3e733658f0436286136cd65024536f327247bafac
generated: "2026-09-13T19:51:16.103129226Z"
